
Microsoft Visual Studio Solution File, Format Version 12.00
# Visual Studio Version 17
VisualStudioVersion = 17.14.37314.3 d17.14
MinimumVisualStudioVersion = 10.0.40219.1
Project("{8BC9CEB8-8B4A-11D0-8D11-00A0C91BC942}") = "practice_struct_filtering", "practice_struct_filtering.vcxproj", "{19D6A08C-1093-42D7-B305-815956CD4D44}"
EndProject
Global
	GlobalSection(SolutionConfigurationPlatforms) = preSolution
		Debug|x64 = Debug|x64
		Debug|x86 = Debug|x86
		Release|x64 = Release|x64
		Release|x86 = Release|x86
	EndGlobalSection
	GlobalSection(ProjectConfigurationPlatforms) = postSolution
		{19D6A08C-1093-42D7-B305-815956CD4D44}.Debug|x64.ActiveCfg = Debug|x64
		{19D6A08C-1093-42D7-B305-815956CD4D44}.Debug|x64.Build.0 = Debug|x64
		{19D6A08C-1093-42D7-B305-815956CD4D44}.Debug|x86.ActiveCfg = Debug|Win32
		{19D6A08C-1093-42D7-B305-815956CD4D44}.Debug|x86.Build.0 = Debug|Win32
		{19D6A08C-1093-42D7-B305-815956CD4D44}.Release|x64.ActiveCfg = Release|x64
		{19D6A08C-1093-42D7-B305-815956CD4D44}.Release|x64.Build.0 = Release|x64
		{19D6A08C-1093-42D7-B305-815956CD4D44}.Release|x86.ActiveCfg = Release|Win32
		{19D6A08C-1093-42D7-B305-815956CD4D44}.Release|x86.Build.0 = Release|Win32
	EndGlobalSection
	GlobalSection(SolutionProperties) = preSolution
		HideSolutionNode = FALSE
	EndGlobalSection
	GlobalSection(ExtensibilityGlobals) = postSolution
		SolutionGuid = {A0F69A9D-C5EE-43AA-BFB2-6B2B88428DCC}
	EndGlobalSection
EndGlobal
