
Microsoft Visual Studio Solution File, Format Version 12.00
# Visual Studio Version 17
VisualStudioVersion = 17.14.36811.4 d17.14
MinimumVisualStudioVersion = 10.0.40219.1
Project("{8BC9CEB8-8B4A-11D0-8D11-00A0C91BC942}") = "260416_loop_practice", "260416_loop_practice.vcxproj", "{F78F5B47-8771-4A05-9FCB-16177E33CC62}"
EndProject
Global
	GlobalSection(SolutionConfigurationPlatforms) = preSolution
		Debug|x64 = Debug|x64
		Debug|x86 = Debug|x86
		Release|x64 = Release|x64
		Release|x86 = Release|x86
	EndGlobalSection
	GlobalSection(ProjectConfigurationPlatforms) = postSolution
		{F78F5B47-8771-4A05-9FCB-16177E33CC62}.Debug|x64.ActiveCfg = Debug|x64
		{F78F5B47-8771-4A05-9FCB-16177E33CC62}.Debug|x64.Build.0 = Debug|x64
		{F78F5B47-8771-4A05-9FCB-16177E33CC62}.Debug|x86.ActiveCfg = Debug|Win32
		{F78F5B47-8771-4A05-9FCB-16177E33CC62}.Debug|x86.Build.0 = Debug|Win32
		{F78F5B47-8771-4A05-9FCB-16177E33CC62}.Release|x64.ActiveCfg = Release|x64
		{F78F5B47-8771-4A05-9FCB-16177E33CC62}.Release|x64.Build.0 = Release|x64
		{F78F5B47-8771-4A05-9FCB-16177E33CC62}.Release|x86.ActiveCfg = Release|Win32
		{F78F5B47-8771-4A05-9FCB-16177E33CC62}.Release|x86.Build.0 = Release|Win32
	EndGlobalSection
	GlobalSection(SolutionProperties) = preSolution
		HideSolutionNode = FALSE
	EndGlobalSection
	GlobalSection(ExtensibilityGlobals) = postSolution
		SolutionGuid = {128EF8AD-159D-4E8C-91F7-C03D2F1CD617}
	EndGlobalSection
EndGlobal
